// !$*UTF8*$!
{
	archiveVersion = 1;
	classes = {
	};
	objectVersion = 56;
	objects = {

/* Begin PBXBuildFile section */
		F1C091AA28F0E4B800E95B24 /* NetworkLayer.docc in Sources */ = {isa = PBXBuildFile; fileRef = F1C091A928F0E4B800E95B24 /* NetworkLayer.docc */; };
		F1C091B028F0E4B800E95B24 /* NetworkLayer.framework in Frameworks */ = {isa = PBXBuildFile; fileRef = F1C091A528F0E4B800E95B24 /* NetworkLayer.framework */; };
		F1C091B528F0E4B800E95B24 /* NetworkLayerTests.swift in Sources */ = {isa = PBXBuildFile; fileRef = F1C091B428F0E4B800E95B24 /* NetworkLayerTests.swift */; };
		F1C091B628F0E4B800E95B24 /* NetworkLayer.h in Headers */ = {isa = PBXBuildFile; fileRef = F1C091A828F0E4B800E95B24 /* NetworkLayer.h */; settings = {ATTRIBUTES = (Public, ); }; };
		F1C091CB28F18FAF00E95B24 /* NetworkServices.swift in Sources */ = {isa = PBXBuildFile; fileRef = F1C091C728F18FAF00E95B24 /* NetworkServices.swift */; };
		F1C091CC28F18FAF00E95B24 /* ContactsLoader.swift in Sources */ = {isa = PBXBuildFile; fileRef = F1C091C828F18FAF00E95B24 /* ContactsLoader.swift */; };
		F1C091CD28F18FAF00E95B24 /* NetworkRouter.swift in Sources */ = {isa = PBXBuildFile; fileRef = F1C091C928F18FAF00E95B24 /* NetworkRouter.swift */; };
		F1C091CE28F18FAF00E95B24 /* RoomsLoader.swift in Sources */ = {isa = PBXBuildFile; fileRef = F1C091CA28F18FAF00E95B24 /* RoomsLoader.swift */; };
/* End PBXBuildFile section */

/* Begin PBXContainerItemProxy section */
		F1C091B128F0E4B800E95B24 /* PBXContainerItemProxy */ = {
			isa = PBXContainerItemProxy;
			containerPortal = F1C0919C28F0E4B800E95B24 /* Project object */;
			proxyType = 1;
			remoteGlobalIDString = F1C091A428F0E4B800E95B24;
			remoteInfo = NetworkLayer;
		};
/* End PBXContainerItemProxy section */

/* Begin PBXFileReference section */
		F1C091A528F0E4B800E95B24 /* NetworkLayer.framework */ = {isa = PBXFileReference; explicitFileType = wrapper.framework; includeInIndex = 0; path = NetworkLayer.framework; sourceTree = BUILT_PRODUCTS_DIR; };
		F1C091A828F0E4B800E95B24 /* NetworkLayer.h */ = {isa = PBXFileReference; lastKnownFileType = sourcecode.c.h; path = NetworkLayer.h; sourceTree = "<group>"; };
		F1C091A928F0E4B800E95B24 /* NetworkLayer.docc */ = {isa = PBXFileReference; lastKnownFileType = folder.documentationcatalog; path = NetworkLayer.docc; sourceTree = "<group>"; };
		F1C091AF28F0E4B800E95B24 /* NetworkLayerTests.xctest */ = {isa = PBXFileReference; explicitFileType = wrapper.cfbundle; includeInIndex = 0; path = NetworkLayerTests.xctest; sourceTree = BUILT_PRODUCTS_DIR; };
		F1C091B428F0E4B800E95B24 /* NetworkLayerTests.swift */ = {isa = PBXFileReference; lastKnownFileType = sourcecode.swift; path = NetworkLayerTests.swift; sourceTree = "<group>"; };
		F1C091C728F18FAF00E95B24 /* NetworkServices.swift */ = {isa = PBXFileReference; fileEncoding = 4; lastKnownFileType = sourcecode.swift; path = NetworkServices.swift; sourceTree = "<group>"; };
		F1C091C828F18FAF00E95B24 /* ContactsLoader.swift */ = {isa = PBXFileReference; fileEncoding = 4; lastKnownFileType = sourcecode.swift; path = ContactsLoader.swift; sourceTree = "<group>"; };
		F1C091C928F18FAF00E95B24 /* NetworkRouter.swift */ = {isa = PBXFileReference; fileEncoding = 4; lastKnownFileType = sourcecode.swift; path = NetworkRouter.swift; sourceTree = "<group>"; };
		F1C091CA28F18FAF00E95B24 /* RoomsLoader.swift */ = {isa = PBXFileReference; fileEncoding = 4; lastKnownFileType = sourcecode.swift; path = RoomsLoader.swift; sourceTree = "<group>"; };
/* End PBXFileReference section */

/* Begin PBXFrameworksBuildPhase section */
		F1C091A228F0E4B800E95B24 /* Frameworks */ = {
			isa = PBXFrameworksBuildPhase;
			buildActionMask = 2147483647;
			files = (
			);
			runOnlyForDeploymentPostprocessing = 0;
		};
		F1C091AC28F0E4B800E95B24 /* Frameworks */ = {
			isa = PBXFrameworksBuildPhase;
			buildActionMask = 2147483647;
			files = (
				F1C091B028F0E4B800E95B24 /* NetworkLayer.framework in Frameworks */,
			);
			runOnlyForDeploymentPostprocessing = 0;
		};
/* End PBXFrameworksBuildPhase section */

/* Begin PBXGroup section */
		F1C0919B28F0E4B800E95B24 = {
			isa = PBXGroup;
			children = (
				F1C091A728F0E4B800E95B24 /* NetworkLayer */,
				F1C091B328F0E4B800E95B24 /* NetworkLayerTests */,
				F1C091A628F0E4B800E95B24 /* Products */,
			);
			sourceTree = "<group>";
		};
		F1C091A628F0E4B800E95B24 /* Products */ = {
			isa = PBXGroup;
			children = (
				F1C091A528F0E4B800E95B24 /* NetworkLayer.framework */,
				F1C091AF28F0E4B800E95B24 /* NetworkLayerTests.xctest */,
			);
			name = Products;
			sourceTree = "<group>";
		};
		F1C091A728F0E4B800E95B24 /* NetworkLayer */ = {
			isa = PBXGroup;
			children = (
				F1C091CA28F18FAF00E95B24 /* RoomsLoader.swift */,
				F1C091C828F18FAF00E95B24 /* ContactsLoader.swift */,
				F1C091C928F18FAF00E95B24 /* NetworkRouter.swift */,
				F1C091C728F18FAF00E95B24 /* NetworkServices.swift */,
				F1C091A828F0E4B800E95B24 /* NetworkLayer.h */,
				F1C091A928F0E4B800E95B24 /* NetworkLayer.docc */,
			);
			path = NetworkLayer;
			sourceTree = "<group>";
		};
		F1C091B328F0E4B800E95B24 /* NetworkLayerTests */ = {
			isa = PBXGroup;
			children = (
				F1C091B428F0E4B800E95B24 /* NetworkLayerTests.swift */,
			);
			path = NetworkLayerTests;
			sourceTree = "<group>";
		};
/* End PBXGroup section */

/* Begin PBXHeadersBuildPhase section */
		F1C091A028F0E4B800E95B24 /* Headers */ = {
			isa = PBXHeadersBuildPhase;
			buildActionMask = 2147483647;
			files = (
				F1C091B628F0E4B800E95B24 /* NetworkLayer.h in Headers */,
			);
			runOnlyForDeploymentPostprocessing = 0;
		};
/* End PBXHeadersBuildPhase section */

/* Begin PBXNativeTarget section */
		F1C091A428F0E4B800E95B24 /* NetworkLayer */ = {
			isa = PBXNativeTarget;
			buildConfigurationList = F1C091B928F0E4B800E95B24 /* Build configuration list for PBXNativeTarget "NetworkLayer" */;
			buildPhases = (
				F1C091A028F0E4B800E95B24 /* Headers */,
				F1C091A128F0E4B800E95B24 /* Sources */,
				F1C091A228F0E4B800E95B24 /* Frameworks */,
				F1C091A328F0E4B800E95B24 /* Resources */,
			);
			buildRules = (
			);
			dependencies = (
			);
			name = NetworkLayer;
			productName = NetworkLayer;
			productReference = F1C091A528F0E4B800E95B24 /* NetworkLayer.framework */;
			productType = "com.apple.product-type.framework";
		};
		F1C091AE28F0E4B800E95B24 /* NetworkLayerTests */ = {
			isa = PBXNativeTarget;
			buildConfigurationList = F1C091BC28F0E4B800E95B24 /* Build configuration list for PBXNativeTarget "NetworkLayerTests" */;
			buildPhases = (
				F1C091AB28F0E4B800E95B24 /* Sources */,
				F1C091AC28F0E4B800E95B24 /* Frameworks */,
				F1C091AD28F0E4B800E95B24 /* Resources */,
			);
			buildRules = (
			);
			dependencies = (
				F1C091B228F0E4B800E95B24 /* PBXTargetDependency */,
			);
			name = NetworkLayerTests;
			productName = NetworkLayerTests;
			productReference = F1C091AF28F0E4B800E95B24 /* NetworkLayerTests.xctest */;
			productType = "com.apple.product-type.bundle.unit-test";
		};
/* End PBXNativeTarget section */

/* Begin PBXProject section */
		F1C0919C28F0E4B800E95B24 /* Project object */ = {
			isa = PBXProject;
			attributes = {
				BuildIndependentTargetsInParallel = 1;
				LastSwiftUpdateCheck = 1400;
				LastUpgradeCheck = 1400;
				TargetAttributes = {
					F1C091A428F0E4B800E95B24 = {
						CreatedOnToolsVersion = 14.0.1;
					};
					F1C091AE28F0E4B800E95B24 = {
						CreatedOnToolsVersion = 14.0.1;
					};
				};
			};
			buildConfigurationList = F1C0919F28F0E4B800E95B24 /* Build configuration list for PBXProject "NetworkLayer" */;
			compatibilityVersion = "Xcode 14.0";
			developmentRegion = en;
			hasScannedForEncodings = 0;
			knownRegions = (
				en,
				Base,
			);
			mainGroup = F1C0919B28F0E4B800E95B24;
			productRefGroup = F1C091A628F0E4B800E95B24 /* Products */;
			projectDirPath = "";
			projectRoot = "";
			targets = (
				F1C091A428F0E4B800E95B24 /* NetworkLayer */,
				F1C091AE28F0E4B800E95B24 /* NetworkLayerTests */,
			);
		};
/* End PBXProject section */

/* Begin PBXResourcesBuildPhase section */
		F1C091A328F0E4B800E95B24 /* Resources */ = {
			isa = PBXResourcesBuildPhase;
			buildActionMask = 2147483647;
			files = (
			);
			runOnlyForDeploymentPostprocessing = 0;
		};
		F1C091AD28F0E4B800E95B24 /* Resources */ = {
			isa = PBXResourcesBuildPhase;
			buildActionMask = 2147483647;
			files = (
			);
			runOnlyForDeploymentPostprocessing = 0;
		};
/* End PBXResourcesBuildPhase section */

/* Begin PBXSourcesBuildPhase section */
		F1C091A128F0E4B800E95B24 /* Sources */ = {
			isa = PBXSourcesBuildPhase;
			buildActionMask = 2147483647;
			files = (
				F1C091CB28F18FAF00E95B24 /* NetworkServices.swift in Sources */,
				F1C091CD28F18FAF00E95B24 /* NetworkRouter.swift in Sources */,
				F1C091AA28F0E4B800E95B24 /* NetworkLayer.docc in Sources */,
				F1C091CE28F18FAF00E95B24 /* RoomsLoader.swift in Sources */,
				F1C091CC28F18FAF00E95B24 /* ContactsLoader.swift in Sources */,
			);
			runOnlyForDeploymentPostprocessing = 0;
		};
		F1C091AB28F0E4B800E95B24 /* Sources */ = {
			isa = PBXSourcesBuildPhase;
			buildActionMask = 2147483647;
			files = (
				F1C091B528F0E4B800E95B24 /* NetworkLayerTests.swift in Sources */,
			);
			runOnlyForDeploymentPostprocessing = 0;
		};
/* End PBXSourcesBuildPhase section */

/* Begin PBXTargetDependency section */
		F1C091B228F0E4B800E95B24 /* PBXTargetDependency */ = {
			isa = PBXTargetDependency;
			target = F1C091A428F0E4B800E95B24 /* NetworkLayer */;
			targetProxy = F1C091B128F0E4B800E95B24 /* PBXContainerItemProxy */;
		};
/* End PBXTargetDependency section */

/* Begin XCBuildConfiguration section */
		F1C091B728F0E4B800E95B24 /* Debug */ = {
			isa = XCBuildConfiguration;
			buildSettings = {
				ALWAYS_SEARCH_USER_PATHS = NO;
				CLANG_ANALYZER_NONNULL = YES;
				CLANG_ANALYZER_NUMBER_OBJECT_CONVERSION = YES_AGGRESSIVE;
				CLANG_CXX_LANGUAGE_STANDARD = "gnu++20";
				CLANG_ENABLE_MODULES = YES;
				CLANG_ENABLE_OBJC_ARC = YES;
				CLANG_ENABLE_OBJC_WEAK = YES;
				CLANG_WARN_BLOCK_CAPTURE_AUTORELEASING = YES;
				CLANG_WARN_BOOL_CONVERSION = YES;
				CLANG_WARN_COMMA = YES;
				CLANG_WARN_CONSTANT_CONVERSION = YES;
				CLANG_WARN_DEPRECATED_OBJC_IMPLEMENTATIONS = YES;
				CLANG_WARN_DIRECT_OBJC_ISA_USAGE = YES_ERROR;
				CLANG_WARN_DOCUMENTATION_COMMENTS = YES;
				CLANG_WARN_EMPTY_BODY = YES;
				CLANG_WARN_ENUM_CONVERSION = YES;
				CLANG_WARN_INFINITE_RECURSION = YES;
				CLANG_WARN_INT_CONVERSION = YES;
				CLANG_WARN_NON_LITERAL_NULL_CONVERSION = YES;
				CLANG_WARN_OBJC_IMPLICIT_RETAIN_SELF = YES;
				CLANG_WARN_OBJC_LITERAL_CONVERSION = YES;
				CLANG_WARN_OBJC_ROOT_CLASS = YES_ERROR;
				CLANG_WARN_QUOTED_INCLUDE_IN_FRAMEWORK_HEADER = YES;
				CLANG_WARN_RANGE_LOOP_ANALYSIS = YES;
				CLANG_WARN_STRICT_PROTOTYPES = YES;
				CLANG_WARN_SUSPICIOUS_MOVE = YES;
				CLANG_WARN_UNGUARDED_AVAILABILITY = YES_AGGRESSIVE;
				CLANG_WARN_UNREACHABLE_CODE = YES;
				CLANG_WARN__DUPLICATE_METHOD_MATCH = YES;
				COPY_PHASE_STRIP = NO;
				CURRENT_PROJECT_VERSION = 1;
				DEBUG_INFORMATION_FORMAT = dwarf;
				ENABLE_STRICT_OBJC_MSGSEND = YES;
				ENABLE_TESTABILITY = YES;
				GCC_C_LANGUAGE_STANDARD = gnu11;
				GCC_DYNAMIC_NO_PIC = NO;
				GCC_NO_COMMON_BLOCKS = YES;
				GCC_OPTIMIZATION_LEVEL = 0;
				GCC_PREPROCESSOR_DEFINITIONS = (
					"DEBUG=1",
					"$(inherited)",
				);
				GCC_WARN_64_TO_32_BIT_CONVERSION = YES;
				GCC_WARN_ABOUT_RETURN_TYPE = YES_ERROR;
				GCC_WARN_UNDECLARED_SELECTOR = YES;
				GCC_WARN_UNINITIALIZED_AUTOS = YES_AGGRESSIVE;
				GCC_WARN_UNUSED_FUNCTION = YES;
				GCC_WARN_UNUSED_VARIABLE = YES;
				IPHONEOS_DEPLOYMENT_TARGET = 16.0;
				MTL_ENABLE_DEBUG_INFO = INCLUDE_SOURCE;
				MTL_FAST_MATH = YES;
				ONLY_ACTIVE_ARCH = YES;
				SDKROOT = iphoneos;
				SWIFT_ACTIVE_COMPILATION_CONDITIONS = DEBUG;
				SWIFT_OPTIMIZATION_LEVEL = "-Onone";
				VERSIONING_SYSTEM = "apple-generic";
				VERSION_INFO_PREFIX = "";
			};
			name = Debug;
		};
		F1C091B828F0E4B800E95B24 /* Release */ = {
			isa = XCBuildConfiguration;
			buildSettings = {
				ALWAYS_SEARCH_USER_PATHS = NO;
				CLANG_ANALYZER_NONNULL = YES;
				CLANG_ANALYZER_NUMBER_OBJECT_CONVERSION = YES_AGGRESSIVE;
				CLANG_CXX_LANGUAGE_STANDARD = "gnu++20";
				CLANG_ENABLE_MODULES = YES;
				CLANG_ENABLE_OBJC_ARC = YES;
				CLANG_ENABLE_OBJC_WEAK = YES;
				CLANG_WARN_BLOCK_CAPTURE_AUTORELEASING = YES;
				CLANG_WARN_BOOL_CONVERSION = YES;
				CLANG_WARN_COMMA = YES;
				CLANG_WARN_CONSTANT_CONVERSION = YES;
				CLANG_WARN_DEPRECATED_OBJC_IMPLEMENTATIONS = YES;
				CLANG_WARN_DIRECT_OBJC_ISA_USAGE = YES_ERROR;
				CLANG_WARN_DOCUMENTATION_COMMENTS = YES;
				CLANG_WARN_EMPTY_BODY = YES;
				CLANG_WARN_ENUM_CONVERSION = YES;
				CLANG_WARN_INFINITE_RECURSION = YES;
				CLANG_WARN_INT_CONVERSION = YES;
				CLANG_WARN_NON_LITERAL_NULL_CONVERSION = YES;
				CLANG_WARN_OBJC_IMPLICIT_RETAIN_SELF = YES;
				CLANG_WARN_OBJC_LITERAL_CONVERSION = YES;
				CLANG_WARN_OBJC_ROOT_CLASS = YES_ERROR;
				CLANG_WARN_QUOTED_INCLUDE_IN_FRAMEWORK_HEADER = YES;
				CLANG_WARN_RANGE_LOOP_ANALYSIS = YES;
				CLANG_WARN_STRICT_PROTOTYPES = YES;
				CLANG_WARN_SUSPICIOUS_MOVE = YES;
				CLANG_WARN_UNGUARDED_AVAILABILITY = YES_AGGRESSIVE;
				CLANG_WARN_UNREACHABLE_CODE = YES;
				CLANG_WARN__DUPLICATE_METHOD_MATCH = YES;
				COPY_PHASE_STRIP = NO;
				CURRENT_PROJECT_VERSION = 1;
				DEBUG_INFORMATION_FORMAT = "dwarf-with-dsym";
				ENABLE_NS_ASSERTIONS = NO;
				ENABLE_STRICT_OBJC_MSGSEND = YES;
				GCC_C_LANGUAGE_STANDARD = gnu11;
				GCC_NO_COMMON_BLOCKS = YES;
				GCC_WARN_64_TO_32_BIT_CONVERSION = YES;
				GCC_WARN_ABOUT_RETURN_TYPE = YES_ERROR;
				GCC_WARN_UNDECLARED_SELECTOR = YES;
				GCC_WARN_UNINITIALIZED_AUTOS = YES_AGGRESSIVE;
				GCC_WARN_UNUSED_FUNCTION = YES;
				GCC_WARN_UNUSED_VARIABLE = YES;
				IPHONEOS_DEPLOYMENT_TARGET = 16.0;
				MTL_ENABLE_DEBUG_INFO = NO;
				MTL_FAST_MATH = YES;
				SDKROOT = iphoneos;
				SWIFT_COMPILATION_MODE = wholemodule;
				SWIFT_OPTIMIZATION_LEVEL = "-O";
				VALIDATE_PRODUCT = YES;
				VERSIONING_SYSTEM = "apple-generic";
				VERSION_INFO_PREFIX = "";
			};
			name = Release;
		};
		F1C091BA28F0E4B800E95B24 /* Debug */ = {
			isa = XCBuildConfiguration;
			buildSettings = {
				CODE_SIGN_STYLE = Automatic;
				CURRENT_PROJECT_VERSION = 1;
				DEFINES_MODULE = YES;
				DEVELOPMENT_TEAM = RNG378K7ZX;
				DYLIB_COMPATIBILITY_VERSION = 1;
				DYLIB_CURRENT_VERSION = 1;
				DYLIB_INSTALL_NAME_BASE = "@rpath";
				GENERATE_INFOPLIST_FILE = YES;
				INFOPLIST_KEY_NSHumanReadableCopyright = "";
				INSTALL_PATH = "$(LOCAL_LIBRARY_DIR)/Frameworks";
				IPHONEOS_DEPLOYMENT_TARGET = 11.0;
				LD_RUNPATH_SEARCH_PATHS = (
					"$(inherited)",
					"@executable_path/Frameworks",
					"@loader_path/Frameworks",
				);
				MARKETING_VERSION = 1.0;
				PRODUCT_BUNDLE_IDENTIFIER = aj.NetworkLayer;
				PRODUCT_NAME = "$(TARGET_NAME:c99extidentifier)";
				SKIP_INSTALL = YES;
				SUPPORTED_PLATFORMS = "iphoneos iphonesimulator";
				SUPPORTS_MACCATALYST = NO;
				SUPPORTS_MAC_DESIGNED_FOR_IPHONE_IPAD = NO;
				SWIFT_EMIT_LOC_STRINGS = YES;
				SWIFT_VERSION = 5.0;
				TARGETED_DEVICE_FAMILY = "1,2";
			};
			name = Debug;
		};
		F1C091BB28F0E4B800E95B24 /* Release */ = {
			isa = XCBuildConfiguration;
			buildSettings = {
				CODE_SIGN_STYLE = Automatic;
				CURRENT_PROJECT_VERSION = 1;
				DEFINES_MODULE = YES;
				DEVELOPMENT_TEAM = RNG378K7ZX;
				DYLIB_COMPATIBILITY_VERSION = 1;
				DYLIB_CURRENT_VERSION = 1;
				DYLIB_INSTALL_NAME_BASE = "@rpath";
				GENERATE_INFOPLIST_FILE = YES;
				INFOPLIST_KEY_NSHumanReadableCopyright = "";
				INSTALL_PATH = "$(LOCAL_LIBRARY_DIR)/Frameworks";
				IPHONEOS_DEPLOYMENT_TARGET = 11.0;
				LD_RUNPATH_SEARCH_PATHS = (
					"$(inherited)",
					"@executable_path/Frameworks",
					"@loader_path/Frameworks",
				);
				MARKETING_VERSION = 1.0;
				PRODUCT_BUNDLE_IDENTIFIER = aj.NetworkLayer;
				PRODUCT_NAME = "$(TARGET_NAME:c99extidentifier)";
				SKIP_INSTALL = YES;
				SUPPORTED_PLATFORMS = "iphoneos iphonesimulator";
				SUPPORTS_MACCATALYST = NO;
				SUPPORTS_MAC_DESIGNED_FOR_IPHONE_IPAD = NO;
				SWIFT_EMIT_LOC_STRINGS = YES;
				SWIFT_VERSION = 5.0;
				TARGETED_DEVICE_FAMILY = "1,2";
			};
			name = Release;
		};
		F1C091BD28F0E4B800E95B24 /* Debug */ = {
			isa = XCBuildConfiguration;
			buildSettings = {
				ALWAYS_EMBED_SWIFT_STANDARD_LIBRARIES = YES;
				CODE_SIGN_STYLE = Automatic;
				CURRENT_PROJECT_VERSION = 1;
				DEVELOPMENT_TEAM = RNG378K7ZX;
				GENERATE_INFOPLIST_FILE = YES;
				MARKETING_VERSION = 1.0;
				PRODUCT_BUNDLE_IDENTIFIER = aj.NetworkLayerTests;
				PRODUCT_NAME = "$(TARGET_NAME)";
				SWIFT_EMIT_LOC_STRINGS = NO;
				SWIFT_VERSION = 5.0;
				TARGETED_DEVICE_FAMILY = "1,2";
			};
			name = Debug;
		};
		F1C091BE28F0E4B800E95B24 /* Release */ = {
			isa = XCBuildConfiguration;
			buildSettings = {
				ALWAYS_EMBED_SWIFT_STANDARD_LIBRARIES = YES;
				CODE_SIGN_STYLE = Automatic;
				CURRENT_PROJECT_VERSION = 1;
				DEVELOPMENT_TEAM = RNG378K7ZX;
				GENERATE_INFOPLIST_FILE = YES;
				MARKETING_VERSION = 1.0;
				PRODUCT_BUNDLE_IDENTIFIER = aj.NetworkLayerTests;
				PRODUCT_NAME = "$(TARGET_NAME)";
				SWIFT_EMIT_LOC_STRINGS = NO;
				SWIFT_VERSION = 5.0;
				TARGETED_DEVICE_FAMILY = "1,2";
			};
			name = Release;
		};
/* End XCBuildConfiguration section */

/* Begin XCConfigurationList section */
		F1C0919F28F0E4B800E95B24 /* Build configuration list for PBXProject "NetworkLayer" */ = {
			isa = XCConfigurationList;
			buildConfigurations = (
				F1C091B728F0E4B800E95B24 /* Debug */,
				F1C091B828F0E4B800E95B24 /* Release */,
			);
			defaultConfigurationIsVisible = 0;
			defaultConfigurationName = Release;
		};
		F1C091B928F0E4B800E95B24 /* Build configuration list for PBXNativeTarget "NetworkLayer" */ = {
			isa = XCConfigurationList;
			buildConfigurations = (
				F1C091BA28F0E4B800E95B24 /* Debug */,
				F1C091BB28F0E4B800E95B24 /* Release */,
			);
			defaultConfigurationIsVisible = 0;
			defaultConfigurationName = Release;
		};
		F1C091BC28F0E4B800E95B24 /* Build configuration list for PBXNativeTarget "NetworkLayerTests" */ = {
			isa = XCConfigurationList;
			buildConfigurations = (
				F1C091BD28F0E4B800E95B24 /* Debug */,
				F1C091BE28F0E4B800E95B24 /* Release */,
			);
			defaultConfigurationIsVisible = 0;
			defaultConfigurationName = Release;
		};
/* End XCConfigurationList section */
	};
	rootObject = F1C0919C28F0E4B800E95B24 /* Project object */;
}
