// !$*UTF8*$!
{
	archiveVersion = 1;
	classes = {
	};
	objectVersion = 56;
	objects = {

/* Begin PBXBuildFile section */
		F1C0918828F0E12500E95B24 /* AppDelegate.swift in Sources */ = {isa = PBXBuildFile; fileRef = F1C0918728F0E12500E95B24 /* AppDelegate.swift */; };
		F1C0918A28F0E12500E95B24 /* SceneDelegate.swift in Sources */ = {isa = PBXBuildFile; fileRef = F1C0918928F0E12500E95B24 /* SceneDelegate.swift */; };
		F1C0919128F0E12600E95B24 /* Assets.xcassets in Resources */ = {isa = PBXBuildFile; fileRef = F1C0919028F0E12600E95B24 /* Assets.xcassets */; };
		F1C091D128F1903700E95B24 /* LaunchScreen.storyboard in Resources */ = {isa = PBXBuildFile; fileRef = F1C091CF28F1903700E95B24 /* LaunchScreen.storyboard */; };
		F1C091D428F1906B00E95B24 /* Contacts.storyboard in Resources */ = {isa = PBXBuildFile; fileRef = F1C091D328F1906B00E95B24 /* Contacts.storyboard */; };
		F1C091D628F191D200E95B24 /* Main.storyboard in Resources */ = {isa = PBXBuildFile; fileRef = F1C091D528F191D200E95B24 /* Main.storyboard */; };
		F1C091D828F1920F00E95B24 /* Rooms.storyboard in Resources */ = {isa = PBXBuildFile; fileRef = F1C091D728F1920F00E95B24 /* Rooms.storyboard */; };
		F1C091DB28F194E500E95B24 /* NetworkLayer.framework in Frameworks */ = {isa = PBXBuildFile; fileRef = F1C091DA28F194E500E95B24 /* NetworkLayer.framework */; };
		F1C091DC28F194E500E95B24 /* NetworkLayer.framework in Embed Frameworks */ = {isa = PBXBuildFile; fileRef = F1C091DA28F194E500E95B24 /* NetworkLayer.framework */; settings = {ATTRIBUTES = (CodeSignOnCopy, RemoveHeadersOnCopy, ); }; };
		F1C091E528F1956C00E95B24 /* VmAvailableRoomViewModel.swift in Sources */ = {isa = PBXBuildFile; fileRef = F1C091E228F1956C00E95B24 /* VmAvailableRoomViewModel.swift */; };
		F1C091E628F1956C00E95B24 /* VmRoomsViewController.swift in Sources */ = {isa = PBXBuildFile; fileRef = F1C091E328F1956C00E95B24 /* VmRoomsViewController.swift */; };
		F1C091E728F1956C00E95B24 /* VmRoomTableViewCell.swift in Sources */ = {isa = PBXBuildFile; fileRef = F1C091E428F1956C00E95B24 /* VmRoomTableViewCell.swift */; };
		F1C091E928F1959600E95B24 /* VmRoom.swift in Sources */ = {isa = PBXBuildFile; fileRef = F1C091E828F1959600E95B24 /* VmRoom.swift */; };
		F1C091F128F1964900E95B24 /* VmContact.swift in Sources */ = {isa = PBXBuildFile; fileRef = F1C091F028F1964900E95B24 /* VmContact.swift */; };
		F1C091F428F1965A00E95B24 /* VmContactsViewModel.swift in Sources */ = {isa = PBXBuildFile; fileRef = F1C091F228F1965A00E95B24 /* VmContactsViewModel.swift */; };
		F1C091F528F1965A00E95B24 /* VmContatDetailsViewModel.swift in Sources */ = {isa = PBXBuildFile; fileRef = F1C091F328F1965A00E95B24 /* VmContatDetailsViewModel.swift */; };
		F1C091FB28F1967A00E95B24 /* VmContatcTableViewCell.swift in Sources */ = {isa = PBXBuildFile; fileRef = F1C091F628F1967A00E95B24 /* VmContatcTableViewCell.swift */; };
		F1C091FC28F1967A00E95B24 /* VmContactImageTableviewCell.swift in Sources */ = {isa = PBXBuildFile; fileRef = F1C091F728F1967A00E95B24 /* VmContactImageTableviewCell.swift */; };
		F1C091FD28F1967A00E95B24 /* VmContactLabelTableViewCell.swift in Sources */ = {isa = PBXBuildFile; fileRef = F1C091F828F1967A00E95B24 /* VmContactLabelTableViewCell.swift */; };
		F1C091FE28F1967A00E95B24 /* VmContactsViewController.swift in Sources */ = {isa = PBXBuildFile; fileRef = F1C091F928F1967A00E95B24 /* VmContactsViewController.swift */; };
		F1C091FF28F1967A00E95B24 /* VmContactDetailsViewController.swift in Sources */ = {isa = PBXBuildFile; fileRef = F1C091FA28F1967A00E95B24 /* VmContactDetailsViewController.swift */; };
		F1C0920128F196BE00E95B24 /* Extentions.swift in Sources */ = {isa = PBXBuildFile; fileRef = F1C0920028F196BE00E95B24 /* Extentions.swift */; };
/* End PBXBuildFile section */

/* Begin PBXCopyFilesBuildPhase section */
		F1C091DD28F194E500E95B24 /* Embed Frameworks */ = {
			isa = PBXCopyFilesBuildPhase;
			buildActionMask = 2147483647;
			dstPath = "";
			dstSubfolderSpec = 10;
			files = (
				F1C091DC28F194E500E95B24 /* NetworkLayer.framework in Embed Frameworks */,
			);
			name = "Embed Frameworks";
			runOnlyForDeploymentPostprocessing = 0;
		};
/* End PBXCopyFilesBuildPhase section */

/* Begin PBXFileReference section */
		F1C0918428F0E12500E95B24 /* VMContacts.app */ = {isa = PBXFileReference; explicitFileType = wrapper.application; includeInIndex = 0; path = VMContacts.app; sourceTree = BUILT_PRODUCTS_DIR; };
		F1C0918728F0E12500E95B24 /* AppDelegate.swift */ = {isa = PBXFileReference; lastKnownFileType = sourcecode.swift; path = AppDelegate.swift; sourceTree = "<group>"; };
		F1C0918928F0E12500E95B24 /* SceneDelegate.swift */ = {isa = PBXFileReference; lastKnownFileType = sourcecode.swift; path = SceneDelegate.swift; sourceTree = "<group>"; };
		F1C0919028F0E12600E95B24 /* Assets.xcassets */ = {isa = PBXFileReference; lastKnownFileType = folder.assetcatalog; path = Assets.xcassets; sourceTree = "<group>"; };
		F1C0919528F0E12600E95B24 /* Info.plist */ = {isa = PBXFileReference; lastKnownFileType = text.plist.xml; path = Info.plist; sourceTree = "<group>"; };
		F1C091CF28F1903700E95B24 /* LaunchScreen.storyboard */ = {isa = PBXFileReference; fileEncoding = 4; lastKnownFileType = file.storyboard; path = LaunchScreen.storyboard; sourceTree = "<group>"; };
		F1C091D328F1906B00E95B24 /* Contacts.storyboard */ = {isa = PBXFileReference; fileEncoding = 4; lastKnownFileType = file.storyboard; path = Contacts.storyboard; sourceTree = "<group>"; };
		F1C091D528F191D200E95B24 /* Main.storyboard */ = {isa = PBXFileReference; fileEncoding = 4; lastKnownFileType = file.storyboard; path = Main.storyboard; sourceTree = "<group>"; };
		F1C091D728F1920F00E95B24 /* Rooms.storyboard */ = {isa = PBXFileReference; fileEncoding = 4; lastKnownFileType = file.storyboard; path = Rooms.storyboard; sourceTree = "<group>"; };
		F1C091DA28F194E500E95B24 /* NetworkLayer.framework */ = {isa = PBXFileReference; explicitFileType = wrapper.framework; path = NetworkLayer.framework; sourceTree = BUILT_PRODUCTS_DIR; };
		F1C091E228F1956C00E95B24 /* VmAvailableRoomViewModel.swift */ = {isa = PBXFileReference; fileEncoding = 4; lastKnownFileType = sourcecode.swift; path = VmAvailableRoomViewModel.swift; sourceTree = "<group>"; };
		F1C091E328F1956C00E95B24 /* VmRoomsViewController.swift */ = {isa = PBXFileReference; fileEncoding = 4; lastKnownFileType = sourcecode.swift; path = VmRoomsViewController.swift; sourceTree = "<group>"; };
		F1C091E428F1956C00E95B24 /* VmRoomTableViewCell.swift */ = {isa = PBXFileReference; fileEncoding = 4; lastKnownFileType = sourcecode.swift; path = VmRoomTableViewCell.swift; sourceTree = "<group>"; };
		F1C091E828F1959600E95B24 /* VmRoom.swift */ = {isa = PBXFileReference; fileEncoding = 4; lastKnownFileType = sourcecode.swift; path = VmRoom.swift; sourceTree = "<group>"; };
		F1C091F028F1964900E95B24 /* VmContact.swift */ = {isa = PBXFileReference; fileEncoding = 4; lastKnownFileType = sourcecode.swift; path = VmContact.swift; sourceTree = "<group>"; };
		F1C091F228F1965A00E95B24 /* VmContactsViewModel.swift */ = {isa = PBXFileReference; fileEncoding = 4; lastKnownFileType = sourcecode.swift; path = VmContactsViewModel.swift; sourceTree = "<group>"; };
		F1C091F328F1965A00E95B24 /* VmContatDetailsViewModel.swift */ = {isa = PBXFileReference; fileEncoding = 4; lastKnownFileType = sourcecode.swift; path = VmContatDetailsViewModel.swift; sourceTree = "<group>"; };
		F1C091F628F1967A00E95B24 /* VmContatcTableViewCell.swift */ = {isa = PBXFileReference; fileEncoding = 4; lastKnownFileType = sourcecode.swift; path = VmContatcTableViewCell.swift; sourceTree = "<group>"; };
		F1C091F728F1967A00E95B24 /* VmContactImageTableviewCell.swift */ = {isa = PBXFileReference; fileEncoding = 4; lastKnownFileType = sourcecode.swift; path = VmContactImageTableviewCell.swift; sourceTree = "<group>"; };
		F1C091F828F1967A00E95B24 /* VmContactLabelTableViewCell.swift */ = {isa = PBXFileReference; fileEncoding = 4; lastKnownFileType = sourcecode.swift; path = VmContactLabelTableViewCell.swift; sourceTree = "<group>"; };
		F1C091F928F1967A00E95B24 /* VmContactsViewController.swift */ = {isa = PBXFileReference; fileEncoding = 4; lastKnownFileType = sourcecode.swift; path = VmContactsViewController.swift; sourceTree = "<group>"; };
		F1C091FA28F1967A00E95B24 /* VmContactDetailsViewController.swift */ = {isa = PBXFileReference; fileEncoding = 4; lastKnownFileType = sourcecode.swift; path = VmContactDetailsViewController.swift; sourceTree = "<group>"; };
		F1C0920028F196BE00E95B24 /* Extentions.swift */ = {isa = PBXFileReference; fileEncoding = 4; lastKnownFileType = sourcecode.swift; path = Extentions.swift; sourceTree = "<group>"; };
/* End PBXFileReference section */

/* Begin PBXFrameworksBuildPhase section */
		F1C0918128F0E12500E95B24 /* Frameworks */ = {
			isa = PBXFrameworksBuildPhase;
			buildActionMask = 2147483647;
			files = (
				F1C091DB28F194E500E95B24 /* NetworkLayer.framework in Frameworks */,
			);
			runOnlyForDeploymentPostprocessing = 0;
		};
/* End PBXFrameworksBuildPhase section */

/* Begin PBXGroup section */
		F1C0917B28F0E12500E95B24 = {
			isa = PBXGroup;
			children = (
				F1C0918628F0E12500E95B24 /* VMContacts */,
				F1C0918528F0E12500E95B24 /* Products */,
				F1C091D928F194E500E95B24 /* Frameworks */,
			);
			sourceTree = "<group>";
		};
		F1C0918528F0E12500E95B24 /* Products */ = {
			isa = PBXGroup;
			children = (
				F1C0918428F0E12500E95B24 /* VMContacts.app */,
			);
			name = Products;
			sourceTree = "<group>";
		};
		F1C0918628F0E12500E95B24 /* VMContacts */ = {
			isa = PBXGroup;
			children = (
				F1C091DF28F194FE00E95B24 /* Features */,
				F1C091DE28F194F600E95B24 /* Support */,
				F1C0919528F0E12600E95B24 /* Info.plist */,
			);
			path = VMContacts;
			sourceTree = "<group>";
		};
		F1C091D928F194E500E95B24 /* Frameworks */ = {
			isa = PBXGroup;
			children = (
				F1C091DA28F194E500E95B24 /* NetworkLayer.framework */,
			);
			name = Frameworks;
			sourceTree = "<group>";
		};
		F1C091DE28F194F600E95B24 /* Support */ = {
			isa = PBXGroup;
			children = (
				F1C0920028F196BE00E95B24 /* Extentions.swift */,
				F1C091D528F191D200E95B24 /* Main.storyboard */,
				F1C091CF28F1903700E95B24 /* LaunchScreen.storyboard */,
				F1C0918728F0E12500E95B24 /* AppDelegate.swift */,
				F1C0918928F0E12500E95B24 /* SceneDelegate.swift */,
				F1C0919028F0E12600E95B24 /* Assets.xcassets */,
			);
			path = Support;
			sourceTree = "<group>";
		};
		F1C091DF28F194FE00E95B24 /* Features */ = {
			isa = PBXGroup;
			children = (
				F1C091E128F1951F00E95B24 /* Contacts */,
				F1C091E028F1951700E95B24 /* Rooms */,
			);
			path = Features;
			sourceTree = "<group>";
		};
		F1C091E028F1951700E95B24 /* Rooms */ = {
			isa = PBXGroup;
			children = (
				F1C091EC28F195BD00E95B24 /* View */,
				F1C091EB28F195AD00E95B24 /* ViewModel */,
				F1C091EA28F195A700E95B24 /* Model */,
			);
			path = Rooms;
			sourceTree = "<group>";
		};
		F1C091E128F1951F00E95B24 /* Contacts */ = {
			isa = PBXGroup;
			children = (
				F1C091EF28F1961500E95B24 /* View */,
				F1C091EE28F1960E00E95B24 /* ViewModel */,
				F1C091ED28F1960300E95B24 /* Model */,
			);
			path = Contacts;
			sourceTree = "<group>";
		};
		F1C091EA28F195A700E95B24 /* Model */ = {
			isa = PBXGroup;
			children = (
				F1C091E828F1959600E95B24 /* VmRoom.swift */,
			);
			path = Model;
			sourceTree = "<group>";
		};
		F1C091EB28F195AD00E95B24 /* ViewModel */ = {
			isa = PBXGroup;
			children = (
				F1C091E228F1956C00E95B24 /* VmAvailableRoomViewModel.swift */,
			);
			path = ViewModel;
			sourceTree = "<group>";
		};
		F1C091EC28F195BD00E95B24 /* View */ = {
			isa = PBXGroup;
			children = (
				F1C0920528F1972200E95B24 /* Views */,
				F1C0920428F1971700E95B24 /* SubViews */,
			);
			path = View;
			sourceTree = "<group>";
		};
		F1C091ED28F1960300E95B24 /* Model */ = {
			isa = PBXGroup;
			children = (
				F1C091F028F1964900E95B24 /* VmContact.swift */,
			);
			path = Model;
			sourceTree = "<group>";
		};
		F1C091EE28F1960E00E95B24 /* ViewModel */ = {
			isa = PBXGroup;
			children = (
				F1C091F228F1965A00E95B24 /* VmContactsViewModel.swift */,
				F1C091F328F1965A00E95B24 /* VmContatDetailsViewModel.swift */,
			);
			path = ViewModel;
			sourceTree = "<group>";
		};
		F1C091EF28F1961500E95B24 /* View */ = {
			isa = PBXGroup;
			children = (
				F1C0920328F196F500E95B24 /* Views */,
				F1C0920228F196EA00E95B24 /* Subviews */,
			);
			path = View;
			sourceTree = "<group>";
		};
		F1C0920228F196EA00E95B24 /* Subviews */ = {
			isa = PBXGroup;
			children = (
				F1C091F728F1967A00E95B24 /* VmContactImageTableviewCell.swift */,
				F1C091F828F1967A00E95B24 /* VmContactLabelTableViewCell.swift */,
				F1C091F628F1967A00E95B24 /* VmContatcTableViewCell.swift */,
				F1C091D328F1906B00E95B24 /* Contacts.storyboard */,
			);
			path = Subviews;
			sourceTree = "<group>";
		};
		F1C0920328F196F500E95B24 /* Views */ = {
			isa = PBXGroup;
			children = (
				F1C091FA28F1967A00E95B24 /* VmContactDetailsViewController.swift */,
				F1C091F928F1967A00E95B24 /* VmContactsViewController.swift */,
			);
			path = Views;
			sourceTree = "<group>";
		};
		F1C0920428F1971700E95B24 /* SubViews */ = {
			isa = PBXGroup;
			children = (
				F1C091E428F1956C00E95B24 /* VmRoomTableViewCell.swift */,
			);
			path = SubViews;
			sourceTree = "<group>";
		};
		F1C0920528F1972200E95B24 /* Views */ = {
			isa = PBXGroup;
			children = (
				F1C091D728F1920F00E95B24 /* Rooms.storyboard */,
				F1C091E328F1956C00E95B24 /* VmRoomsViewController.swift */,
			);
			path = Views;
			sourceTree = "<group>";
		};
/* End PBXGroup section */

/* Begin PBXNativeTarget section */
		F1C0918328F0E12500E95B24 /* VMContacts */ = {
			isa = PBXNativeTarget;
			buildConfigurationList = F1C0919828F0E12600E95B24 /* Build configuration list for PBXNativeTarget "VMContacts" */;
			buildPhases = (
				F1C0918028F0E12500E95B24 /* Sources */,
				F1C0918128F0E12500E95B24 /* Frameworks */,
				F1C0918228F0E12500E95B24 /* Resources */,
				F1C091DD28F194E500E95B24 /* Embed Frameworks */,
			);
			buildRules = (
			);
			dependencies = (
			);
			name = VMContacts;
			productName = VMContacts;
			productReference = F1C0918428F0E12500E95B24 /* VMContacts.app */;
			productType = "com.apple.product-type.application";
		};
/* End PBXNativeTarget section */

/* Begin PBXProject section */
		F1C0917C28F0E12500E95B24 /* Project object */ = {
			isa = PBXProject;
			attributes = {
				BuildIndependentTargetsInParallel = 1;
				LastSwiftUpdateCheck = 1400;
				LastUpgradeCheck = 1400;
				TargetAttributes = {
					F1C0918328F0E12500E95B24 = {
						CreatedOnToolsVersion = 14.0.1;
					};
				};
			};
			buildConfigurationList = F1C0917F28F0E12500E95B24 /* Build configuration list for PBXProject "VMContacts" */;
			compatibilityVersion = "Xcode 14.0";
			developmentRegion = en;
			hasScannedForEncodings = 0;
			knownRegions = (
				en,
				Base,
			);
			mainGroup = F1C0917B28F0E12500E95B24;
			productRefGroup = F1C0918528F0E12500E95B24 /* Products */;
			projectDirPath = "";
			projectRoot = "";
			targets = (
				F1C0918328F0E12500E95B24 /* VMContacts */,
			);
		};
/* End PBXProject section */

/* Begin PBXResourcesBuildPhase section */
		F1C0918228F0E12500E95B24 /* Resources */ = {
			isa = PBXResourcesBuildPhase;
			buildActionMask = 2147483647;
			files = (
				F1C091D428F1906B00E95B24 /* Contacts.storyboard in Resources */,
				F1C0919128F0E12600E95B24 /* Assets.xcassets in Resources */,
				F1C091D828F1920F00E95B24 /* Rooms.storyboard in Resources */,
				F1C091D128F1903700E95B24 /* LaunchScreen.storyboard in Resources */,
				F1C091D628F191D200E95B24 /* Main.storyboard in Resources */,
			);
			runOnlyForDeploymentPostprocessing = 0;
		};
/* End PBXResourcesBuildPhase section */

/* Begin PBXSourcesBuildPhase section */
		F1C0918028F0E12500E95B24 /* Sources */ = {
			isa = PBXSourcesBuildPhase;
			buildActionMask = 2147483647;
			files = (
				F1C091E628F1956C00E95B24 /* VmRoomsViewController.swift in Sources */,
				F1C091FB28F1967A00E95B24 /* VmContatcTableViewCell.swift in Sources */,
				F1C0920128F196BE00E95B24 /* Extentions.swift in Sources */,
				F1C091E928F1959600E95B24 /* VmRoom.swift in Sources */,
				F1C091F428F1965A00E95B24 /* VmContactsViewModel.swift in Sources */,
				F1C091F128F1964900E95B24 /* VmContact.swift in Sources */,
				F1C0918828F0E12500E95B24 /* AppDelegate.swift in Sources */,
				F1C091FD28F1967A00E95B24 /* VmContactLabelTableViewCell.swift in Sources */,
				F1C091FC28F1967A00E95B24 /* VmContactImageTableviewCell.swift in Sources */,
				F1C091F528F1965A00E95B24 /* VmContatDetailsViewModel.swift in Sources */,
				F1C091FF28F1967A00E95B24 /* VmContactDetailsViewController.swift in Sources */,
				F1C091E528F1956C00E95B24 /* VmAvailableRoomViewModel.swift in Sources */,
				F1C091E728F1956C00E95B24 /* VmRoomTableViewCell.swift in Sources */,
				F1C0918A28F0E12500E95B24 /* SceneDelegate.swift in Sources */,
				F1C091FE28F1967A00E95B24 /* VmContactsViewController.swift in Sources */,
			);
			runOnlyForDeploymentPostprocessing = 0;
		};
/* End PBXSourcesBuildPhase section */

/* Begin XCBuildConfiguration section */
		F1C0919628F0E12600E95B24 /* Debug */ = {
			isa = XCBuildConfiguration;
			buildSettings = {
				ALWAYS_SEARCH_USER_PATHS = NO;
				CLANG_ANALYZER_NONNULL = YES;
				CLANG_ANALYZER_NUMBER_OBJECT_CONVERSION = YES_AGGRESSIVE;
				CLANG_CXX_LANGUAGE_STANDARD = "gnu++20";
				CLANG_ENABLE_MODULES = YES;
				CLANG_ENABLE_OBJC_ARC = YES;
				CLANG_ENABLE_OBJC_WEAK = YES;
				CLANG_WARN_BLOCK_CAPTURE_AUTORELEASING = YES;
				CLANG_WARN_BOOL_CONVERSION = YES;
				CLANG_WARN_COMMA = YES;
				CLANG_WARN_CONSTANT_CONVERSION = YES;
				CLANG_WARN_DEPRECATED_OBJC_IMPLEMENTATIONS = YES;
				CLANG_WARN_DIRECT_OBJC_ISA_USAGE = YES_ERROR;
				CLANG_WARN_DOCUMENTATION_COMMENTS = YES;
				CLANG_WARN_EMPTY_BODY = YES;
				CLANG_WARN_ENUM_CONVERSION = YES;
				CLANG_WARN_INFINITE_RECURSION = YES;
				CLANG_WARN_INT_CONVERSION = YES;
				CLANG_WARN_NON_LITERAL_NULL_CONVERSION = YES;
				CLANG_WARN_OBJC_IMPLICIT_RETAIN_SELF = YES;
				CLANG_WARN_OBJC_LITERAL_CONVERSION = YES;
				CLANG_WARN_OBJC_ROOT_CLASS = YES_ERROR;
				CLANG_WARN_QUOTED_INCLUDE_IN_FRAMEWORK_HEADER = YES;
				CLANG_WARN_RANGE_LOOP_ANALYSIS = YES;
				CLANG_WARN_STRICT_PROTOTYPES = YES;
				CLANG_WARN_SUSPICIOUS_MOVE = YES;
				CLANG_WARN_UNGUARDED_AVAILABILITY = YES_AGGRESSIVE;
				CLANG_WARN_UNREACHABLE_CODE = YES;
				CLANG_WARN__DUPLICATE_METHOD_MATCH = YES;
				COPY_PHASE_STRIP = NO;
				DEBUG_INFORMATION_FORMAT = dwarf;
				ENABLE_STRICT_OBJC_MSGSEND = YES;
				ENABLE_TESTABILITY = YES;
				GCC_C_LANGUAGE_STANDARD = gnu11;
				GCC_DYNAMIC_NO_PIC = NO;
				GCC_NO_COMMON_BLOCKS = YES;
				GCC_OPTIMIZATION_LEVEL = 0;
				GCC_PREPROCESSOR_DEFINITIONS = (
					"DEBUG=1",
					"$(inherited)",
				);
				GCC_WARN_64_TO_32_BIT_CONVERSION = YES;
				GCC_WARN_ABOUT_RETURN_TYPE = YES_ERROR;
				GCC_WARN_UNDECLARED_SELECTOR = YES;
				GCC_WARN_UNINITIALIZED_AUTOS = YES_AGGRESSIVE;
				GCC_WARN_UNUSED_FUNCTION = YES;
				GCC_WARN_UNUSED_VARIABLE = YES;
				IPHONEOS_DEPLOYMENT_TARGET = 16.0;
				MTL_ENABLE_DEBUG_INFO = INCLUDE_SOURCE;
				MTL_FAST_MATH = YES;
				ONLY_ACTIVE_ARCH = YES;
				SDKROOT = iphoneos;
				SWIFT_ACTIVE_COMPILATION_CONDITIONS = DEBUG;
				SWIFT_OPTIMIZATION_LEVEL = "-Onone";
			};
			name = Debug;
		};
		F1C0919728F0E12600E95B24 /* Release */ = {
			isa = XCBuildConfiguration;
			buildSettings = {
				ALWAYS_SEARCH_USER_PATHS = NO;
				CLANG_ANALYZER_NONNULL = YES;
				CLANG_ANALYZER_NUMBER_OBJECT_CONVERSION = YES_AGGRESSIVE;
				CLANG_CXX_LANGUAGE_STANDARD = "gnu++20";
				CLANG_ENABLE_MODULES = YES;
				CLANG_ENABLE_OBJC_ARC = YES;
				CLANG_ENABLE_OBJC_WEAK = YES;
				CLANG_WARN_BLOCK_CAPTURE_AUTORELEASING = YES;
				CLANG_WARN_BOOL_CONVERSION = YES;
				CLANG_WARN_COMMA = YES;
				CLANG_WARN_CONSTANT_CONVERSION = YES;
				CLANG_WARN_DEPRECATED_OBJC_IMPLEMENTATIONS = YES;
				CLANG_WARN_DIRECT_OBJC_ISA_USAGE = YES_ERROR;
				CLANG_WARN_DOCUMENTATION_COMMENTS = YES;
				CLANG_WARN_EMPTY_BODY = YES;
				CLANG_WARN_ENUM_CONVERSION = YES;
				CLANG_WARN_INFINITE_RECURSION = YES;
				CLANG_WARN_INT_CONVERSION = YES;
				CLANG_WARN_NON_LITERAL_NULL_CONVERSION = YES;
				CLANG_WARN_OBJC_IMPLICIT_RETAIN_SELF = YES;
				CLANG_WARN_OBJC_LITERAL_CONVERSION = YES;
				CLANG_WARN_OBJC_ROOT_CLASS = YES_ERROR;
				CLANG_WARN_QUOTED_INCLUDE_IN_FRAMEWORK_HEADER = YES;
				CLANG_WARN_RANGE_LOOP_ANALYSIS = YES;
				CLANG_WARN_STRICT_PROTOTYPES = YES;
				CLANG_WARN_SUSPICIOUS_MOVE = YES;
				CLANG_WARN_UNGUARDED_AVAILABILITY = YES_AGGRESSIVE;
				CLANG_WARN_UNREACHABLE_CODE = YES;
				CLANG_WARN__DUPLICATE_METHOD_MATCH = YES;
				COPY_PHASE_STRIP = NO;
				DEBUG_INFORMATION_FORMAT = "dwarf-with-dsym";
				ENABLE_NS_ASSERTIONS = NO;
				ENABLE_STRICT_OBJC_MSGSEND = YES;
				GCC_C_LANGUAGE_STANDARD = gnu11;
				GCC_NO_COMMON_BLOCKS = YES;
				GCC_WARN_64_TO_32_BIT_CONVERSION = YES;
				GCC_WARN_ABOUT_RETURN_TYPE = YES_ERROR;
				GCC_WARN_UNDECLARED_SELECTOR = YES;
				GCC_WARN_UNINITIALIZED_AUTOS = YES_AGGRESSIVE;
				GCC_WARN_UNUSED_FUNCTION = YES;
				GCC_WARN_UNUSED_VARIABLE = YES;
				IPHONEOS_DEPLOYMENT_TARGET = 16.0;
				MTL_ENABLE_DEBUG_INFO = NO;
				MTL_FAST_MATH = YES;
				SDKROOT = iphoneos;
				SWIFT_COMPILATION_MODE = wholemodule;
				SWIFT_OPTIMIZATION_LEVEL = "-O";
				VALIDATE_PRODUCT = YES;
			};
			name = Release;
		};
		F1C0919928F0E12600E95B24 /* Debug */ = {
			isa = XCBuildConfiguration;
			buildSettings = {
				ASSETCATALOG_COMPILER_APPICON_NAME = AppIcon;
				ASSETCATALOG_COMPILER_GLOBAL_ACCENT_COLOR_NAME = AccentColor;
				CODE_SIGN_STYLE = Automatic;
				CURRENT_PROJECT_VERSION = 1;
				DEVELOPMENT_TEAM = RNG378K7ZX;
				GENERATE_INFOPLIST_FILE = YES;
				INFOPLIST_FILE = VMContacts/Info.plist;
				INFOPLIST_KEY_UIApplicationSupportsIndirectInputEvents = YES;
				INFOPLIST_KEY_UILaunchStoryboardName = LaunchScreen;
				INFOPLIST_KEY_UIMainStoryboardFile = Main;
				INFOPLIST_KEY_UISupportedInterfaceOrientations = UIInterfaceOrientationPortrait;
				IPHONEOS_DEPLOYMENT_TARGET = 11.0;
				LD_RUNPATH_SEARCH_PATHS = (
					"$(inherited)",
					"@executable_path/Frameworks",
				);
				MARKETING_VERSION = 1.0;
				PRODUCT_BUNDLE_IDENTIFIER = aj.VMContacts;
				PRODUCT_NAME = "$(TARGET_NAME)";
				SUPPORTED_PLATFORMS = "iphoneos iphonesimulator";
				SUPPORTS_MACCATALYST = NO;
				SUPPORTS_MAC_DESIGNED_FOR_IPHONE_IPAD = NO;
				SWIFT_EMIT_LOC_STRINGS = YES;
				SWIFT_VERSION = 5.0;
				TARGETED_DEVICE_FAMILY = "1,2";
			};
			name = Debug;
		};
		F1C0919A28F0E12600E95B24 /* Release */ = {
			isa = XCBuildConfiguration;
			buildSettings = {
				ASSETCATALOG_COMPILER_APPICON_NAME = AppIcon;
				ASSETCATALOG_COMPILER_GLOBAL_ACCENT_COLOR_NAME = AccentColor;
				CODE_SIGN_STYLE = Automatic;
				CURRENT_PROJECT_VERSION = 1;
				DEVELOPMENT_TEAM = RNG378K7ZX;
				GENERATE_INFOPLIST_FILE = YES;
				INFOPLIST_FILE = VMContacts/Info.plist;
				INFOPLIST_KEY_UIApplicationSupportsIndirectInputEvents = YES;
				INFOPLIST_KEY_UILaunchStoryboardName = LaunchScreen;
				INFOPLIST_KEY_UIMainStoryboardFile = Main;
				INFOPLIST_KEY_UISupportedInterfaceOrientations = UIInterfaceOrientationPortrait;
				IPHONEOS_DEPLOYMENT_TARGET = 11.0;
				LD_RUNPATH_SEARCH_PATHS = (
					"$(inherited)",
					"@executable_path/Frameworks",
				);
				MARKETING_VERSION = 1.0;
				PRODUCT_BUNDLE_IDENTIFIER = aj.VMContacts;
				PRODUCT_NAME = "$(TARGET_NAME)";
				SUPPORTED_PLATFORMS = "iphoneos iphonesimulator";
				SUPPORTS_MACCATALYST = NO;
				SUPPORTS_MAC_DESIGNED_FOR_IPHONE_IPAD = NO;
				SWIFT_EMIT_LOC_STRINGS = YES;
				SWIFT_VERSION = 5.0;
				TARGETED_DEVICE_FAMILY = "1,2";
			};
			name = Release;
		};
/* End XCBuildConfiguration section */

/* Begin XCConfigurationList section */
		F1C0917F28F0E12500E95B24 /* Build configuration list for PBXProject "VMContacts" */ = {
			isa = XCConfigurationList;
			buildConfigurations = (
				F1C0919628F0E12600E95B24 /* Debug */,
				F1C0919728F0E12600E95B24 /* Release */,
			);
			defaultConfigurationIsVisible = 0;
			defaultConfigurationName = Release;
		};
		F1C0919828F0E12600E95B24 /* Build configuration list for PBXNativeTarget "VMContacts" */ = {
			isa = XCConfigurationList;
			buildConfigurations = (
				F1C0919928F0E12600E95B24 /* Debug */,
				F1C0919A28F0E12600E95B24 /* Release */,
			);
			defaultConfigurationIsVisible = 0;
			defaultConfigurationName = Release;
		};
/* End XCConfigurationList section */
	};
	rootObject = F1C0917C28F0E12500E95B24 /* Project object */;
}
